
Microsoft Visual Studio Solution File, Format Version 12.00
# Visual Studio 15
Project("{FAE04EC0-301F-11D3-BF4B-00C04F79EFBC}") = "DatingApp.API", "DatingApp.API.csproj", "{69C2E723-593B-460C-8E46-3F04565D0009}"
EndProject
Global
	GlobalSection(SolutionConfigurationPlatforms) = preSolution
		Debug|Any CPU = Debug|Any CPU
		Release|Any CPU = Release|Any CPU
	EndGlobalSection
	GlobalSection(ProjectConfigurationPlatforms) = postSolution
		{69C2E723-593B-460C-8E46-3F04565D0009}.Debug|Any CPU.ActiveCfg = Debug|Any CPU
		{69C2E723-593B-460C-8E46-3F04565D0009}.Debug|Any CPU.Build.0 = Debug|Any CPU
		{69C2E723-593B-460C-8E46-3F04565D0009}.Release|Any CPU.ActiveCfg = Release|Any CPU
		{69C2E723-593B-460C-8E46-3F04565D0009}.Release|Any CPU.Build.0 = Release|Any CPU
	EndGlobalSection
EndGlobal
